// !$*UTF8*$!
{
	archiveVersion = 1;
	classes = {
	};
	objectVersion = 46;
	objects = {

/* Begin PBXBuildFile section */
		5FF856E41CC48DE40063319B /* AppDelegate.swift in Sources */ = {isa = PBXBuildFile; fileRef = 5FF856E31CC48DE40063319B /* AppDelegate.swift */; };
		5FF856E91CC48DE40063319B /* Main.storyboard in Resources */ = {isa = PBXBuildFile; fileRef = 5FF856E71CC48DE40063319B /* Main.storyboard */; };
		5FF856EB1CC48DE40063319B /* Assets.xcassets in Resources */ = {isa = PBXBuildFile; fileRef = 5FF856EA1CC48DE40063319B /* Assets.xcassets */; };
		5FF856EE1CC48DE40063319B /* LaunchScreen.storyboard in Resources */ = {isa = PBXBuildFile; fileRef = 5FF856EC1CC48DE40063319B /* LaunchScreen.storyboard */; };
		5FF856F61CC48FF10063319B /* emoji zone.mp4 in Resources */ = {isa = PBXBuildFile; fileRef = 5FF856F51CC48FF10063319B /* emoji zone.mp4 */; };
		5FF856F81CC491090063319B /* TableViewController.swift in Sources */ = {isa = PBXBuildFile; fileRef = 5FF856F71CC491090063319B /* TableViewController.swift */; };
		5FF856FA1CC5022C0063319B /* VideoCell.swift in Sources */ = {isa = PBXBuildFile; fileRef = 5FF856F91CC5022C0063319B /* VideoCell.swift */; };
/* End PBXBuildFile section */

/* Begin PBXFileReference section */
		5FF856E01CC48DE40063319B /* PlayLocalVideo.app */ = {isa = PBXFileReference; explicitFileType = wrapper.application; includeInIndex = 0; path = PlayLocalVideo.app; sourceTree = BUILT_PRODUCTS_DIR; };
		5FF856E31CC48DE40063319B /* AppDelegate.swift */ = {isa = PBXFileReference; lastKnownFileType = sourcecode.swift; path = AppDelegate.swift; sourceTree = "<group>"; };
		5FF856E81CC48DE40063319B /* Base */ = {isa = PBXFileReference; lastKnownFileType = file.storyboard; name = Base; path = Base.lproj/Main.storyboard; sourceTree = "<group>"; };
		5FF856EA1CC48DE40063319B /* Assets.xcassets */ = {isa = PBXFileReference; lastKnownFileType = folder.assetcatalog; path = Assets.xcassets; sourceTree = "<group>"; };
		5FF856ED1CC48DE40063319B /* Base */ = {isa = PBXFileReference; lastKnownFileType = file.storyboard; name = Base; path = Base.lproj/LaunchScreen.storyboard; sourceTree = "<group>"; };
		5FF856EF1CC48DE40063319B /* Info.plist */ = {isa = PBXFileReference; lastKnownFileType = text.plist.xml; path = Info.plist; sourceTree = "<group>"; };
		5FF856F51CC48FF10063319B /* emoji zone.mp4 */ = {isa = PBXFileReference; lastKnownFileType = file; path = "emoji zone.mp4"; sourceTree = "<group>"; };
		5FF856F71CC491090063319B /* TableViewController.swift */ = {isa = PBXFileReference; fileEncoding = 4; lastKnownFileType = sourcecode.swift; path = TableViewController.swift; sourceTree = "<group>"; };
		5FF856F91CC5022C0063319B /* VideoCell.swift */ = {isa = PBXFileReference; fileEncoding = 4; lastKnownFileType = sourcecode.swift; path = VideoCell.swift; sourceTree = "<group>"; };
/* End PBXFileReference section */

/* Begin PBXFrameworksBuildPhase section */
		5FF856DD1CC48DE40063319B /* Frameworks */ = {
			isa = PBXFrameworksBuildPhase;
			buildActionMask = 2147483647;
			files = (
			);
			runOnlyForDeploymentPostprocessing = 0;
		};
/* End PBXFrameworksBuildPhase section */

/* Begin PBXGroup section */
		5FF856D71CC48DE40063319B = {
			isa = PBXGroup;
			children = (
				5FF856E21CC48DE40063319B /* PlayLocalVideo */,
				5FF856E11CC48DE40063319B /* Products */,
			);
			sourceTree = "<group>";
		};
		5FF856E11CC48DE40063319B /* Products */ = {
			isa = PBXGroup;
			children = (
				5FF856E01CC48DE40063319B /* PlayLocalVideo.app */,
			);
			name = Products;
			sourceTree = "<group>";
		};
		5FF856E21CC48DE40063319B /* PlayLocalVideo */ = {
			isa = PBXGroup;
			children = (
				5FF856E31CC48DE40063319B /* AppDelegate.swift */,
				5FF856F71CC491090063319B /* TableViewController.swift */,
				5FF856F91CC5022C0063319B /* VideoCell.swift */,
				5FF856E71CC48DE40063319B /* Main.storyboard */,
				5FF856EA1CC48DE40063319B /* Assets.xcassets */,
				5FF856EC1CC48DE40063319B /* LaunchScreen.storyboard */,
				5FF856EF1CC48DE40063319B /* Info.plist */,
				5FF856F51CC48FF10063319B /* emoji zone.mp4 */,
			);
			path = PlayLocalVideo;
			sourceTree = "<group>";
		};
/* End PBXGroup section */

/* Begin PBXNativeTarget section */
		5FF856DF1CC48DE40063319B /* PlayLocalVideo */ = {
			isa = PBXNativeTarget;
			buildConfigurationList = 5FF856F21CC48DE40063319B /* Build configuration list for PBXNativeTarget "PlayLocalVideo" */;
			buildPhases = (
				5FF856DC1CC48DE40063319B /* Sources */,
				5FF856DD1CC48DE40063319B /* Frameworks */,
				5FF856DE1CC48DE40063319B /* Resources */,
			);
			buildRules = (
			);
			dependencies = (
			);
			name = PlayLocalVideo;
			productName = PlayLocalVideo;
			productReference = 5FF856E01CC48DE40063319B /* PlayLocalVideo.app */;
			productType = "com.apple.product-type.application";
		};
/* End PBXNativeTarget section */

/* Begin PBXProject section */
		5FF856D81CC48DE40063319B /* Project object */ = {
			isa = PBXProject;
			attributes = {
				LastSwiftUpdateCheck = 0730;
				LastUpgradeCheck = 0730;
				ORGANIZATIONNAME = LiuXuanyi;
				TargetAttributes = {
					5FF856DF1CC48DE40063319B = {
						CreatedOnToolsVersion = 7.3;
					};
				};
			};
			buildConfigurationList = 5FF856DB1CC48DE40063319B /* Build configuration list for PBXProject "PlayLocalVideo" */;
			compatibilityVersion = "Xcode 3.2";
			developmentRegion = English;
			hasScannedForEncodings = 0;
			knownRegions = (
				en,
				Base,
			);
			mainGroup = 5FF856D71CC48DE40063319B;
			productRefGroup = 5FF856E11CC48DE40063319B /* Products */;
			projectDirPath = "";
			projectRoot = "";
			targets = (
				5FF856DF1CC48DE40063319B /* PlayLocalVideo */,
			);
		};
/* End PBXProject section */

/* Begin PBXResourcesBuildPhase section */
		5FF856DE1CC48DE40063319B /* Resources */ = {
			isa = PBXResourcesBuildPhase;
			buildActionMask = 2147483647;
			files = (
				5FF856EE1CC48DE40063319B /* LaunchScreen.storyboard in Resources */,
				5FF856F61CC48FF10063319B /* emoji zone.mp4 in Resources */,
				5FF856EB1CC48DE40063319B /* Assets.xcassets in Resources */,
				5FF856E91CC48DE40063319B /* Main.storyboard in Resources */,
			);
			runOnlyForDeploymentPostprocessing = 0;
		};
/* End PBXResourcesBuildPhase section */

/* Begin PBXSourcesBuildPhase section */
		5FF856DC1CC48DE40063319B /* Sources */ = {
			isa = PBXSourcesBuildPhase;
			buildActionMask = 2147483647;
			files = (
				5FF856E41CC48DE40063319B /* AppDelegate.swift in Sources */,
				5FF856F81CC491090063319B /* TableViewController.swift in Sources */,
				5FF856FA1CC5022C0063319B /* VideoCell.swift in Sources */,
			);
			runOnlyForDeploymentPostprocessing = 0;
		};
/* End PBXSourcesBuildPhase section */

/* Begin PBXVariantGroup section */
		5FF856E71CC48DE40063319B /* Main.storyboard */ = {
			isa = PBXVariantGroup;
			children = (
				5FF856E81CC48DE40063319B /* Base */,
			);
			name = Main.storyboard;
			sourceTree = "<group>";
		};
		5FF856EC1CC48DE40063319B /* LaunchScreen.storyboard */ = {
			isa = PBXVariantGroup;
			children = (
				5FF856ED1CC48DE40063319B /* Base */,
			);
			name = LaunchScreen.storyboard;
			sourceTree = "<group>";
		};
/* End PBXVariantGroup section */

/* Begin XCBuildConfiguration section */
		5FF856F01CC48DE40063319B /* Debug */ = {
			isa = XCBuildConfiguration;
			buildSettings = {
				ALWAYS_SEARCH_USER_PATHS = NO;
				CLANG_ANALYZER_NONNULL = YES;
				CLANG_CXX_LANGUAGE_STANDARD = "gnu++0x";
				CLANG_CXX_LIBRARY = "libc++";
				CLANG_ENABLE_MODULES = YES;
				CLANG_ENABLE_OBJC_ARC = YES;
				CLANG_WARN_BOOL_CONVERSION = YES;
				CLANG_WARN_CONSTANT_CONVERSION = YES;
				CLANG_WARN_DIRECT_OBJC_ISA_USAGE = YES_ERROR;
				CLANG_WARN_EMPTY_BODY = YES;
				CLANG_WARN_ENUM_CONVERSION = YES;
				CLANG_WARN_INT_CONVERSION = YES;
				CLANG_WARN_OBJC_ROOT_CLASS = YES_ERROR;
				CLANG_WARN_UNREACHABLE_CODE = YES;
				CLANG_WARN__DUPLICATE_METHOD_MATCH = YES;
				"CODE_SIGN_IDENTITY[sdk=iphoneos*]" = "iPhone Developer";
				COPY_PHASE_STRIP = NO;
				DEBUG_INFORMATION_FORMAT = dwarf;
				ENABLE_STRICT_OBJC_MSGSEND = YES;
				ENABLE_TESTABILITY = YES;
				GCC_C_LANGUAGE_STANDARD = gnu99;
				GCC_DYNAMIC_NO_PIC = NO;
				GCC_NO_COMMON_BLOCKS = YES;
				GCC_OPTIMIZATION_LEVEL = 0;
				GCC_PREPROCESSOR_DEFINITIONS = (
					"DEBUG=1",
					"$(inherited)",
				);
				GCC_WARN_64_TO_32_BIT_CONVERSION = YES;
				GCC_WARN_ABOUT_RETURN_TYPE = YES_ERROR;
				GCC_WARN_UNDECLARED_SELECTOR = YES;
				GCC_WARN_UNINITIALIZED_AUTOS = YES_AGGRESSIVE;
				GCC_WARN_UNUSED_FUNCTION = YES;
				GCC_WARN_UNUSED_VARIABLE = YES;
				IPHONEOS_DEPLOYMENT_TARGET = 9.3;
				MTL_ENABLE_DEBUG_INFO = YES;
				ONLY_ACTIVE_ARCH = YES;
				SDKROOT = iphoneos;
				SWIFT_OPTIMIZATION_LEVEL = "-Onone";
				TARGETED_DEVICE_FAMILY = "1,2";
			};
			name = Debug;
		};
		5FF856F11CC48DE40063319B /* Release */ = {
			isa = XCBuildConfiguration;
			buildSettings = {
				ALWAYS_SEARCH_USER_PATHS = NO;
				CLANG_ANALYZER_NONNULL = YES;
				CLANG_CXX_LANGUAGE_STANDARD = "gnu++0x";
				CLANG_CXX_LIBRARY = "libc++";
				CLANG_ENABLE_MODULES = YES;
				CLANG_ENABLE_OBJC_ARC = YES;
				CLANG_WARN_BOOL_CONVERSION = YES;
				CLANG_WARN_CONSTANT_CONVERSION = YES;
				CLANG_WARN_DIRECT_OBJC_ISA_USAGE = YES_ERROR;
				CLANG_WARN_EMPTY_BODY = YES;
				CLANG_WARN_ENUM_CONVERSION = YES;
				CLANG_WARN_INT_CONVERSION = YES;
				CLANG_WARN_OBJC_ROOT_CLASS = YES_ERROR;
				CLANG_WARN_UNREACHABLE_CODE = YES;
				CLANG_WARN__DUPLICATE_METHOD_MATCH = YES;
				"CODE_SIGN_IDENTITY[sdk=iphoneos*]" = "iPhone Developer";
				COPY_PHASE_STRIP = NO;
				DEBUG_INFORMATION_FORMAT = "dwarf-with-dsym";
				ENABLE_NS_ASSERTIONS = NO;
				ENABLE_STRICT_OBJC_MSGSEND = YES;
				GCC_C_LANGUAGE_STANDARD = gnu99;
				GCC_NO_COMMON_BLOCKS = YES;
				GCC_WARN_64_TO_32_BIT_CONVERSION = YES;
				GCC_WARN_ABOUT_RETURN_TYPE = YES_ERROR;
				GCC_WARN_UNDECLARED_SELECTOR = YES;
				GCC_WARN_UNINITIALIZED_AUTOS = YES_AGGRESSIVE;
				GCC_WARN_UNUSED_FUNCTION = YES;
				GCC_WARN_UNUSED_VARIABLE = YES;
				IPHONEOS_DEPLOYMENT_TARGET = 9.3;
				MTL_ENABLE_DEBUG_INFO = NO;
				SDKROOT = iphoneos;
				TARGETED_DEVICE_FAMILY = "1,2";
				VALIDATE_PRODUCT = YES;
			};
			name = Release;
		};
		5FF856F31CC48DE40063319B /* Debug */ = {
			isa = XCBuildConfiguration;
			buildSettings = {
				ASSETCATALOG_COMPILER_APPICON_NAME = AppIcon;
				INFOPLIST_FILE = PlayLocalVideo/Info.plist;
				LD_RUNPATH_SEARCH_PATHS = "$(inherited) @executable_path/Frameworks";
				PRODUCT_BUNDLE_IDENTIFIER = me.liuxuanyi.PlayLocalVideo;
				PRODUCT_NAME = "$(TARGET_NAME)";
			};
			name = Debug;
		};
		5FF856F41CC48DE40063319B /* Release */ = {
			isa = XCBuildConfiguration;
			buildSettings = {
				ASSETCATALOG_COMPILER_APPICON_NAME = AppIcon;
				INFOPLIST_FILE = PlayLocalVideo/Info.plist;
				LD_RUNPATH_SEARCH_PATHS = "$(inherited) @executable_path/Frameworks";
				PRODUCT_BUNDLE_IDENTIFIER = me.liuxuanyi.PlayLocalVideo;
				PRODUCT_NAME = "$(TARGET_NAME)";
			};
			name = Release;
		};
/* End XCBuildConfiguration section */

/* Begin XCConfigurationList section */
		5FF856DB1CC48DE40063319B /* Build configuration list for PBXProject "PlayLocalVideo" */ = {
			isa = XCConfigurationList;
			buildConfigurations = (
				5FF856F01CC48DE40063319B /* Debug */,
				5FF856F11CC48DE40063319B /* Release */,
			);
			defaultConfigurationIsVisible = 0;
			defaultConfigurationName = Release;
		};
		5FF856F21CC48DE40063319B /* Build configuration list for PBXNativeTarget "PlayLocalVideo" */ = {
			isa = XCConfigurationList;
			buildConfigurations = (
				5FF856F31CC48DE40063319B /* Debug */,
				5FF856F41CC48DE40063319B /* Release */,
			);
			defaultConfigurationIsVisible = 0;
			defaultConfigurationName = Release;
		};
/* End XCConfigurationList section */
	};
	rootObject = 5FF856D81CC48DE40063319B /* Project object */;
}
