// !$*UTF8*$!
{
	archiveVersion = 1;
	classes = {
	};
	objectVersion = 46;
	objects = {

/* Begin PBXBuildFile section */
		5F01C8871CD21318002A16CA /* AppDelegate.swift in Sources */ = {isa = PBXBuildFile; fileRef = 5F01C8861CD21318002A16CA /* AppDelegate.swift */; };
		5F01C88C1CD21318002A16CA /* Main.storyboard in Resources */ = {isa = PBXBuildFile; fileRef = 5F01C88A1CD21318002A16CA /* Main.storyboard */; };
		5F01C88E1CD21318002A16CA /* Assets.xcassets in Resources */ = {isa = PBXBuildFile; fileRef = 5F01C88D1CD21318002A16CA /* Assets.xcassets */; };
		5F01C8911CD21318002A16CA /* LaunchScreen.storyboard in Resources */ = {isa = PBXBuildFile; fileRef = 5F01C88F1CD21318002A16CA /* LaunchScreen.storyboard */; };
		5F01C8991CD21399002A16CA /* TableViewController.swift in Sources */ = {isa = PBXBuildFile; fileRef = 5F01C8981CD21399002A16CA /* TableViewController.swift */; };
		5F01C89B1CD213B9002A16CA /* SecTableViewController.swift in Sources */ = {isa = PBXBuildFile; fileRef = 5F01C89A1CD213B9002A16CA /* SecTableViewController.swift */; };
		5F01C89E1CD213EF002A16CA /* TableViewCell.swift in Sources */ = {isa = PBXBuildFile; fileRef = 5F01C89C1CD213EF002A16CA /* TableViewCell.swift */; };
		5F01C8A11CD214EE002A16CA /* SecTableViewCell.swift in Sources */ = {isa = PBXBuildFile; fileRef = 5F01C8A01CD214EE002A16CA /* SecTableViewCell.swift */; };
/* End PBXBuildFile section */

/* Begin PBXFileReference section */
		5F01C8831CD21318002A16CA /* AnimateTable.app */ = {isa = PBXFileReference; explicitFileType = wrapper.application; includeInIndex = 0; path = AnimateTable.app; sourceTree = BUILT_PRODUCTS_DIR; };
		5F01C8861CD21318002A16CA /* AppDelegate.swift */ = {isa = PBXFileReference; lastKnownFileType = sourcecode.swift; path = AppDelegate.swift; sourceTree = "<group>"; };
		5F01C88B1CD21318002A16CA /* Base */ = {isa = PBXFileReference; lastKnownFileType = file.storyboard; name = Base; path = Base.lproj/Main.storyboard; sourceTree = "<group>"; };
		5F01C88D1CD21318002A16CA /* Assets.xcassets */ = {isa = PBXFileReference; lastKnownFileType = folder.assetcatalog; path = Assets.xcassets; sourceTree = "<group>"; };
		5F01C8901CD21318002A16CA /* Base */ = {isa = PBXFileReference; lastKnownFileType = file.storyboard; name = Base; path = Base.lproj/LaunchScreen.storyboard; sourceTree = "<group>"; };
		5F01C8921CD21318002A16CA /* Info.plist */ = {isa = PBXFileReference; lastKnownFileType = text.plist.xml; path = Info.plist; sourceTree = "<group>"; };
		5F01C8981CD21399002A16CA /* TableViewController.swift */ = {isa = PBXFileReference; fileEncoding = 4; lastKnownFileType = sourcecode.swift; path = TableViewController.swift; sourceTree = "<group>"; };
		5F01C89A1CD213B9002A16CA /* SecTableViewController.swift */ = {isa = PBXFileReference; fileEncoding = 4; lastKnownFileType = sourcecode.swift; path = SecTableViewController.swift; sourceTree = "<group>"; };
		5F01C89C1CD213EF002A16CA /* TableViewCell.swift */ = {isa = PBXFileReference; fileEncoding = 4; lastKnownFileType = sourcecode.swift; path = TableViewCell.swift; sourceTree = "<group>"; };
		5F01C8A01CD214EE002A16CA /* SecTableViewCell.swift */ = {isa = PBXFileReference; fileEncoding = 4; lastKnownFileType = sourcecode.swift; path = SecTableViewCell.swift; sourceTree = "<group>"; };
/* End PBXFileReference section */

/* Begin PBXFrameworksBuildPhase section */
		5F01C8801CD21318002A16CA /* Frameworks */ = {
			isa = PBXFrameworksBuildPhase;
			buildActionMask = 2147483647;
			files = (
			);
			runOnlyForDeploymentPostprocessing = 0;
		};
/* End PBXFrameworksBuildPhase section */

/* Begin PBXGroup section */
		5F01C87A1CD21318002A16CA = {
			isa = PBXGroup;
			children = (
				5F01C8851CD21318002A16CA /* AnimateTable */,
				5F01C8841CD21318002A16CA /* Products */,
			);
			sourceTree = "<group>";
		};
		5F01C8841CD21318002A16CA /* Products */ = {
			isa = PBXGroup;
			children = (
				5F01C8831CD21318002A16CA /* AnimateTable.app */,
			);
			name = Products;
			sourceTree = "<group>";
		};
		5F01C8851CD21318002A16CA /* AnimateTable */ = {
			isa = PBXGroup;
			children = (
				5F01C8861CD21318002A16CA /* AppDelegate.swift */,
				5F01C8981CD21399002A16CA /* TableViewController.swift */,
				5F01C89C1CD213EF002A16CA /* TableViewCell.swift */,
				5F01C89A1CD213B9002A16CA /* SecTableViewController.swift */,
				5F01C8A01CD214EE002A16CA /* SecTableViewCell.swift */,
				5F01C88A1CD21318002A16CA /* Main.storyboard */,
				5F01C88D1CD21318002A16CA /* Assets.xcassets */,
				5F01C88F1CD21318002A16CA /* LaunchScreen.storyboard */,
				5F01C8921CD21318002A16CA /* Info.plist */,
			);
			path = AnimateTable;
			sourceTree = "<group>";
		};
/* End PBXGroup section */

/* Begin PBXNativeTarget section */
		5F01C8821CD21318002A16CA /* AnimateTable */ = {
			isa = PBXNativeTarget;
			buildConfigurationList = 5F01C8951CD21318002A16CA /* Build configuration list for PBXNativeTarget "AnimateTable" */;
			buildPhases = (
				5F01C87F1CD21318002A16CA /* Sources */,
				5F01C8801CD21318002A16CA /* Frameworks */,
				5F01C8811CD21318002A16CA /* Resources */,
			);
			buildRules = (
			);
			dependencies = (
			);
			name = AnimateTable;
			productName = AnimateTable;
			productReference = 5F01C8831CD21318002A16CA /* AnimateTable.app */;
			productType = "com.apple.product-type.application";
		};
/* End PBXNativeTarget section */

/* Begin PBXProject section */
		5F01C87B1CD21318002A16CA /* Project object */ = {
			isa = PBXProject;
			attributes = {
				LastSwiftUpdateCheck = 0730;
				LastUpgradeCheck = 0730;
				ORGANIZATIONNAME = LiuXuanyi;
				TargetAttributes = {
					5F01C8821CD21318002A16CA = {
						CreatedOnToolsVersion = 7.3;
					};
				};
			};
			buildConfigurationList = 5F01C87E1CD21318002A16CA /* Build configuration list for PBXProject "AnimateTable" */;
			compatibilityVersion = "Xcode 3.2";
			developmentRegion = English;
			hasScannedForEncodings = 0;
			knownRegions = (
				en,
				Base,
			);
			mainGroup = 5F01C87A1CD21318002A16CA;
			productRefGroup = 5F01C8841CD21318002A16CA /* Products */;
			projectDirPath = "";
			projectRoot = "";
			targets = (
				5F01C8821CD21318002A16CA /* AnimateTable */,
			);
		};
/* End PBXProject section */

/* Begin PBXResourcesBuildPhase section */
		5F01C8811CD21318002A16CA /* Resources */ = {
			isa = PBXResourcesBuildPhase;
			buildActionMask = 2147483647;
			files = (
				5F01C8911CD21318002A16CA /* LaunchScreen.storyboard in Resources */,
				5F01C88E1CD21318002A16CA /* Assets.xcassets in Resources */,
				5F01C88C1CD21318002A16CA /* Main.storyboard in Resources */,
			);
			runOnlyForDeploymentPostprocessing = 0;
		};
/* End PBXResourcesBuildPhase section */

/* Begin PBXSourcesBuildPhase section */
		5F01C87F1CD21318002A16CA /* Sources */ = {
			isa = PBXSourcesBuildPhase;
			buildActionMask = 2147483647;
			files = (
				5F01C8871CD21318002A16CA /* AppDelegate.swift in Sources */,
				5F01C89E1CD213EF002A16CA /* TableViewCell.swift in Sources */,
				5F01C8A11CD214EE002A16CA /* SecTableViewCell.swift in Sources */,
				5F01C8991CD21399002A16CA /* TableViewController.swift in Sources */,
				5F01C89B1CD213B9002A16CA /* SecTableViewController.swift in Sources */,
			);
			runOnlyForDeploymentPostprocessing = 0;
		};
/* End PBXSourcesBuildPhase section */

/* Begin PBXVariantGroup section */
		5F01C88A1CD21318002A16CA /* Main.storyboard */ = {
			isa = PBXVariantGroup;
			children = (
				5F01C88B1CD21318002A16CA /* Base */,
			);
			name = Main.storyboard;
			sourceTree = "<group>";
		};
		5F01C88F1CD21318002A16CA /* LaunchScreen.storyboard */ = {
			isa = PBXVariantGroup;
			children = (
				5F01C8901CD21318002A16CA /* Base */,
			);
			name = LaunchScreen.storyboard;
			sourceTree = "<group>";
		};
/* End PBXVariantGroup section */

/* Begin XCBuildConfiguration section */
		5F01C8931CD21318002A16CA /* Debug */ = {
			isa = XCBuildConfiguration;
			buildSettings = {
				ALWAYS_SEARCH_USER_PATHS = NO;
				CLANG_ANALYZER_NONNULL = YES;
				CLANG_CXX_LANGUAGE_STANDARD = "gnu++0x";
				CLANG_CXX_LIBRARY = "libc++";
				CLANG_ENABLE_MODULES = YES;
				CLANG_ENABLE_OBJC_ARC = YES;
				CLANG_WARN_BOOL_CONVERSION = YES;
				CLANG_WARN_CONSTANT_CONVERSION = YES;
				CLANG_WARN_DIRECT_OBJC_ISA_USAGE = YES_ERROR;
				CLANG_WARN_EMPTY_BODY = YES;
				CLANG_WARN_ENUM_CONVERSION = YES;
				CLANG_WARN_INT_CONVERSION = YES;
				CLANG_WARN_OBJC_ROOT_CLASS = YES_ERROR;
				CLANG_WARN_UNREACHABLE_CODE = YES;
				CLANG_WARN__DUPLICATE_METHOD_MATCH = YES;
				"CODE_SIGN_IDENTITY[sdk=iphoneos*]" = "iPhone Developer";
				COPY_PHASE_STRIP = NO;
				DEBUG_INFORMATION_FORMAT = dwarf;
				ENABLE_STRICT_OBJC_MSGSEND = YES;
				ENABLE_TESTABILITY = YES;
				GCC_C_LANGUAGE_STANDARD = gnu99;
				GCC_DYNAMIC_NO_PIC = NO;
				GCC_NO_COMMON_BLOCKS = YES;
				GCC_OPTIMIZATION_LEVEL = 0;
				GCC_PREPROCESSOR_DEFINITIONS = (
					"DEBUG=1",
					"$(inherited)",
				);
				GCC_WARN_64_TO_32_BIT_CONVERSION = YES;
				GCC_WARN_ABOUT_RETURN_TYPE = YES_ERROR;
				GCC_WARN_UNDECLARED_SELECTOR = YES;
				GCC_WARN_UNINITIALIZED_AUTOS = YES_AGGRESSIVE;
				GCC_WARN_UNUSED_FUNCTION = YES;
				GCC_WARN_UNUSED_VARIABLE = YES;
				IPHONEOS_DEPLOYMENT_TARGET = 9.3;
				MTL_ENABLE_DEBUG_INFO = YES;
				ONLY_ACTIVE_ARCH = YES;
				SDKROOT = iphoneos;
				SWIFT_OPTIMIZATION_LEVEL = "-Onone";
				TARGETED_DEVICE_FAMILY = "1,2";
			};
			name = Debug;
		};
		5F01C8941CD21318002A16CA /* Release */ = {
			isa = XCBuildConfiguration;
			buildSettings = {
				ALWAYS_SEARCH_USER_PATHS = NO;
				CLANG_ANALYZER_NONNULL = YES;
				CLANG_CXX_LANGUAGE_STANDARD = "gnu++0x";
				CLANG_CXX_LIBRARY = "libc++";
				CLANG_ENABLE_MODULES = YES;
				CLANG_ENABLE_OBJC_ARC = YES;
				CLANG_WARN_BOOL_CONVERSION = YES;
				CLANG_WARN_CONSTANT_CONVERSION = YES;
				CLANG_WARN_DIRECT_OBJC_ISA_USAGE = YES_ERROR;
				CLANG_WARN_EMPTY_BODY = YES;
				CLANG_WARN_ENUM_CONVERSION = YES;
				CLANG_WARN_INT_CONVERSION = YES;
				CLANG_WARN_OBJC_ROOT_CLASS = YES_ERROR;
				CLANG_WARN_UNREACHABLE_CODE = YES;
				CLANG_WARN__DUPLICATE_METHOD_MATCH = YES;
				"CODE_SIGN_IDENTITY[sdk=iphoneos*]" = "iPhone Developer";
				COPY_PHASE_STRIP = NO;
				DEBUG_INFORMATION_FORMAT = "dwarf-with-dsym";
				ENABLE_NS_ASSERTIONS = NO;
				ENABLE_STRICT_OBJC_MSGSEND = YES;
				GCC_C_LANGUAGE_STANDARD = gnu99;
				GCC_NO_COMMON_BLOCKS = YES;
				GCC_WARN_64_TO_32_BIT_CONVERSION = YES;
				GCC_WARN_ABOUT_RETURN_TYPE = YES_ERROR;
				GCC_WARN_UNDECLARED_SELECTOR = YES;
				GCC_WARN_UNINITIALIZED_AUTOS = YES_AGGRESSIVE;
				GCC_WARN_UNUSED_FUNCTION = YES;
				GCC_WARN_UNUSED_VARIABLE = YES;
				IPHONEOS_DEPLOYMENT_TARGET = 9.3;
				MTL_ENABLE_DEBUG_INFO = NO;
				SDKROOT = iphoneos;
				TARGETED_DEVICE_FAMILY = "1,2";
				VALIDATE_PRODUCT = YES;
			};
			name = Release;
		};
		5F01C8961CD21318002A16CA /* Debug */ = {
			isa = XCBuildConfiguration;
			buildSettings = {
				ASSETCATALOG_COMPILER_APPICON_NAME = AppIcon;
				INFOPLIST_FILE = AnimateTable/Info.plist;
				LD_RUNPATH_SEARCH_PATHS = "$(inherited) @executable_path/Frameworks";
				PRODUCT_BUNDLE_IDENTIFIER = me.liuxuanyi.AnimateTable;
				PRODUCT_NAME = "$(TARGET_NAME)";
			};
			name = Debug;
		};
		5F01C8971CD21318002A16CA /* Release */ = {
			isa = XCBuildConfiguration;
			buildSettings = {
				ASSETCATALOG_COMPILER_APPICON_NAME = AppIcon;
				INFOPLIST_FILE = AnimateTable/Info.plist;
				LD_RUNPATH_SEARCH_PATHS = "$(inherited) @executable_path/Frameworks";
				PRODUCT_BUNDLE_IDENTIFIER = me.liuxuanyi.AnimateTable;
				PRODUCT_NAME = "$(TARGET_NAME)";
			};
			name = Release;
		};
/* End XCBuildConfiguration section */

/* Begin XCConfigurationList section */
		5F01C87E1CD21318002A16CA /* Build configuration list for PBXProject "AnimateTable" */ = {
			isa = XCConfigurationList;
			buildConfigurations = (
				5F01C8931CD21318002A16CA /* Debug */,
				5F01C8941CD21318002A16CA /* Release */,
			);
			defaultConfigurationIsVisible = 0;
			defaultConfigurationName = Release;
		};
		5F01C8951CD21318002A16CA /* Build configuration list for PBXNativeTarget "AnimateTable" */ = {
			isa = XCConfigurationList;
			buildConfigurations = (
				5F01C8961CD21318002A16CA /* Debug */,
				5F01C8971CD21318002A16CA /* Release */,
			);
			defaultConfigurationIsVisible = 0;
		};
/* End XCConfigurationList section */
	};
	rootObject = 5F01C87B1CD21318002A16CA /* Project object */;
}
