// !$*UTF8*$!
{
	archiveVersion = 1;
	classes = {
	};
	objectVersion = 46;
	objects = {

/* Begin PBXBuildFile section */
		134449A91D1CE5D100D72B5C /* AppDelegate.swift in Sources */ = {isa = PBXBuildFile; fileRef = 134449A81D1CE5D100D72B5C /* AppDelegate.swift */; };
		134449AB1D1CE5D100D72B5C /* ViewController.swift in Sources */ = {isa = PBXBuildFile; fileRef = 134449AA1D1CE5D100D72B5C /* ViewController.swift */; };
		134449AE1D1CE5D100D72B5C /* Main.storyboard in Resources */ = {isa = PBXBuildFile; fileRef = 134449AC1D1CE5D100D72B5C /* Main.storyboard */; };
		134449B01D1CE5D100D72B5C /* Assets.xcassets in Resources */ = {isa = PBXBuildFile; fileRef = 134449AF1D1CE5D100D72B5C /* Assets.xcassets */; };
		134449B31D1CE5D100D72B5C /* LaunchScreen.storyboard in Resources */ = {isa = PBXBuildFile; fileRef = 134449B11D1CE5D100D72B5C /* LaunchScreen.storyboard */; };
		134449BE1D1CE5D100D72B5C /* CustomRefreshTests.swift in Sources */ = {isa = PBXBuildFile; fileRef = 134449BD1D1CE5D100D72B5C /* CustomRefreshTests.swift */; };
		134449C91D1CE5D100D72B5C /* CustomRefreshUITests.swift in Sources */ = {isa = PBXBuildFile; fileRef = 134449C81D1CE5D100D72B5C /* CustomRefreshUITests.swift */; };
		134449D71D1CE5EA00D72B5C /* RefreshContents.xib in Resources */ = {isa = PBXBuildFile; fileRef = 134449D61D1CE5EA00D72B5C /* RefreshContents.xib */; };
/* End PBXBuildFile section */

/* Begin PBXContainerItemProxy section */
		134449BA1D1CE5D100D72B5C /* PBXContainerItemProxy */ = {
			isa = PBXContainerItemProxy;
			containerPortal = 1344499D1D1CE5D100D72B5C /* Project object */;
			proxyType = 1;
			remoteGlobalIDString = 134449A41D1CE5D100D72B5C;
			remoteInfo = CustomRefresh;
		};
		134449C51D1CE5D100D72B5C /* PBXContainerItemProxy */ = {
			isa = PBXContainerItemProxy;
			containerPortal = 1344499D1D1CE5D100D72B5C /* Project object */;
			proxyType = 1;
			remoteGlobalIDString = 134449A41D1CE5D100D72B5C;
			remoteInfo = CustomRefresh;
		};
/* End PBXContainerItemProxy section */

/* Begin PBXFileReference section */
		134449A51D1CE5D100D72B5C /* CustomRefresh.app */ = {isa = PBXFileReference; explicitFileType = wrapper.application; includeInIndex = 0; path = CustomRefresh.app; sourceTree = BUILT_PRODUCTS_DIR; };
		134449A81D1CE5D100D72B5C /* AppDelegate.swift */ = {isa = PBXFileReference; lastKnownFileType = sourcecode.swift; path = AppDelegate.swift; sourceTree = "<group>"; };
		134449AA1D1CE5D100D72B5C /* ViewController.swift */ = {isa = PBXFileReference; lastKnownFileType = sourcecode.swift; path = ViewController.swift; sourceTree = "<group>"; };
		134449AD1D1CE5D100D72B5C /* Base */ = {isa = PBXFileReference; lastKnownFileType = file.storyboard; name = Base; path = Base.lproj/Main.storyboard; sourceTree = "<group>"; };
		134449AF1D1CE5D100D72B5C /* Assets.xcassets */ = {isa = PBXFileReference; lastKnownFileType = folder.assetcatalog; path = Assets.xcassets; sourceTree = "<group>"; };
		134449B21D1CE5D100D72B5C /* Base */ = {isa = PBXFileReference; lastKnownFileType = file.storyboard; name = Base; path = Base.lproj/LaunchScreen.storyboard; sourceTree = "<group>"; };
		134449B41D1CE5D100D72B5C /* Info.plist */ = {isa = PBXFileReference; lastKnownFileType = text.plist.xml; path = Info.plist; sourceTree = "<group>"; };
		134449B91D1CE5D100D72B5C /* CustomRefreshTests.xctest */ = {isa = PBXFileReference; explicitFileType = wrapper.cfbundle; includeInIndex = 0; path = CustomRefreshTests.xctest; sourceTree = BUILT_PRODUCTS_DIR; };
		134449BD1D1CE5D100D72B5C /* CustomRefreshTests.swift */ = {isa = PBXFileReference; lastKnownFileType = sourcecode.swift; path = CustomRefreshTests.swift; sourceTree = "<group>"; };
		134449BF1D1CE5D100D72B5C /* Info.plist */ = {isa = PBXFileReference; lastKnownFileType = text.plist.xml; path = Info.plist; sourceTree = "<group>"; };
		134449C41D1CE5D100D72B5C /* CustomRefreshUITests.xctest */ = {isa = PBXFileReference; explicitFileType = wrapper.cfbundle; includeInIndex = 0; path = CustomRefreshUITests.xctest; sourceTree = BUILT_PRODUCTS_DIR; };
		134449C81D1CE5D100D72B5C /* CustomRefreshUITests.swift */ = {isa = PBXFileReference; lastKnownFileType = sourcecode.swift; path = CustomRefreshUITests.swift; sourceTree = "<group>"; };
		134449CA1D1CE5D100D72B5C /* Info.plist */ = {isa = PBXFileReference; lastKnownFileType = text.plist.xml; path = Info.plist; sourceTree = "<group>"; };
		134449D61D1CE5EA00D72B5C /* RefreshContents.xib */ = {isa = PBXFileReference; fileEncoding = 4; lastKnownFileType = file.xib; path = RefreshContents.xib; sourceTree = "<group>"; };
/* End PBXFileReference section */

/* Begin PBXFrameworksBuildPhase section */
		134449A21D1CE5D100D72B5C /* Frameworks */ = {
			isa = PBXFrameworksBuildPhase;
			buildActionMask = 2147483647;
			files = (
			);
			runOnlyForDeploymentPostprocessing = 0;
		};
		134449B61D1CE5D100D72B5C /* Frameworks */ = {
			isa = PBXFrameworksBuildPhase;
			buildActionMask = 2147483647;
			files = (
			);
			runOnlyForDeploymentPostprocessing = 0;
		};
		134449C11D1CE5D100D72B5C /* Frameworks */ = {
			isa = PBXFrameworksBuildPhase;
			buildActionMask = 2147483647;
			files = (
			);
			runOnlyForDeploymentPostprocessing = 0;
		};
/* End PBXFrameworksBuildPhase section */

/* Begin PBXGroup section */
		1344499C1D1CE5D100D72B5C = {
			isa = PBXGroup;
			children = (
				134449A71D1CE5D100D72B5C /* CustomRefresh */,
				134449BC1D1CE5D100D72B5C /* CustomRefreshTests */,
				134449C71D1CE5D100D72B5C /* CustomRefreshUITests */,
				134449A61D1CE5D100D72B5C /* Products */,
			);
			sourceTree = "<group>";
		};
		134449A61D1CE5D100D72B5C /* Products */ = {
			isa = PBXGroup;
			children = (
				134449A51D1CE5D100D72B5C /* CustomRefresh.app */,
				134449B91D1CE5D100D72B5C /* CustomRefreshTests.xctest */,
				134449C41D1CE5D100D72B5C /* CustomRefreshUITests.xctest */,
			);
			name = Products;
			sourceTree = "<group>";
		};
		134449A71D1CE5D100D72B5C /* CustomRefresh */ = {
			isa = PBXGroup;
			children = (
				134449A81D1CE5D100D72B5C /* AppDelegate.swift */,
				134449AA1D1CE5D100D72B5C /* ViewController.swift */,
				134449D61D1CE5EA00D72B5C /* RefreshContents.xib */,
				134449AC1D1CE5D100D72B5C /* Main.storyboard */,
				134449AF1D1CE5D100D72B5C /* Assets.xcassets */,
				134449B11D1CE5D100D72B5C /* LaunchScreen.storyboard */,
				134449B41D1CE5D100D72B5C /* Info.plist */,
			);
			path = CustomRefresh;
			sourceTree = "<group>";
		};
		134449BC1D1CE5D100D72B5C /* CustomRefreshTests */ = {
			isa = PBXGroup;
			children = (
				134449BD1D1CE5D100D72B5C /* CustomRefreshTests.swift */,
				134449BF1D1CE5D100D72B5C /* Info.plist */,
			);
			path = CustomRefreshTests;
			sourceTree = "<group>";
		};
		134449C71D1CE5D100D72B5C /* CustomRefreshUITests */ = {
			isa = PBXGroup;
			children = (
				134449C81D1CE5D100D72B5C /* CustomRefreshUITests.swift */,
				134449CA1D1CE5D100D72B5C /* Info.plist */,
			);
			path = CustomRefreshUITests;
			sourceTree = "<group>";
		};
/* End PBXGroup section */

/* Begin PBXNativeTarget section */
		134449A41D1CE5D100D72B5C /* CustomRefresh */ = {
			isa = PBXNativeTarget;
			buildConfigurationList = 134449CD1D1CE5D100D72B5C /* Build configuration list for PBXNativeTarget "CustomRefresh" */;
			buildPhases = (
				134449A11D1CE5D100D72B5C /* Sources */,
				134449A21D1CE5D100D72B5C /* Frameworks */,
				134449A31D1CE5D100D72B5C /* Resources */,
			);
			buildRules = (
			);
			dependencies = (
			);
			name = CustomRefresh;
			productName = CustomRefresh;
			productReference = 134449A51D1CE5D100D72B5C /* CustomRefresh.app */;
			productType = "com.apple.product-type.application";
		};
		134449B81D1CE5D100D72B5C /* CustomRefreshTests */ = {
			isa = PBXNativeTarget;
			buildConfigurationList = 134449D01D1CE5D100D72B5C /* Build configuration list for PBXNativeTarget "CustomRefreshTests" */;
			buildPhases = (
				134449B51D1CE5D100D72B5C /* Sources */,
				134449B61D1CE5D100D72B5C /* Frameworks */,
				134449B71D1CE5D100D72B5C /* Resources */,
			);
			buildRules = (
			);
			dependencies = (
				134449BB1D1CE5D100D72B5C /* PBXTargetDependency */,
			);
			name = CustomRefreshTests;
			productName = CustomRefreshTests;
			productReference = 134449B91D1CE5D100D72B5C /* CustomRefreshTests.xctest */;
			productType = "com.apple.product-type.bundle.unit-test";
		};
		134449C31D1CE5D100D72B5C /* CustomRefreshUITests */ = {
			isa = PBXNativeTarget;
			buildConfigurationList = 134449D31D1CE5D100D72B5C /* Build configuration list for PBXNativeTarget "CustomRefreshUITests" */;
			buildPhases = (
				134449C01D1CE5D100D72B5C /* Sources */,
				134449C11D1CE5D100D72B5C /* Frameworks */,
				134449C21D1CE5D100D72B5C /* Resources */,
			);
			buildRules = (
			);
			dependencies = (
				134449C61D1CE5D100D72B5C /* PBXTargetDependency */,
			);
			name = CustomRefreshUITests;
			productName = CustomRefreshUITests;
			productReference = 134449C41D1CE5D100D72B5C /* CustomRefreshUITests.xctest */;
			productType = "com.apple.product-type.bundle.ui-testing";
		};
/* End PBXNativeTarget section */

/* Begin PBXProject section */
		1344499D1D1CE5D100D72B5C /* Project object */ = {
			isa = PBXProject;
			attributes = {
				LastSwiftUpdateCheck = 0800;
				LastUpgradeCheck = 0800;
				ORGANIZATIONNAME = "Xuanyi Liu";
				TargetAttributes = {
					134449A41D1CE5D100D72B5C = {
						CreatedOnToolsVersion = 8.0;
						DevelopmentTeam = X884CV32U2;
						DevelopmentTeamName = "Xuanyi Liu";
						ProvisioningStyle = Automatic;
					};
					134449B81D1CE5D100D72B5C = {
						CreatedOnToolsVersion = 8.0;
						DevelopmentTeam = X884CV32U2;
						DevelopmentTeamName = "Xuanyi Liu";
						ProvisioningStyle = Automatic;
						TestTargetID = 134449A41D1CE5D100D72B5C;
					};
					134449C31D1CE5D100D72B5C = {
						CreatedOnToolsVersion = 8.0;
						DevelopmentTeam = X884CV32U2;
						DevelopmentTeamName = "Xuanyi Liu";
						ProvisioningStyle = Automatic;
						TestTargetID = 134449A41D1CE5D100D72B5C;
					};
				};
			};
			buildConfigurationList = 134449A01D1CE5D100D72B5C /* Build configuration list for PBXProject "CustomRefresh" */;
			compatibilityVersion = "Xcode 3.2";
			developmentRegion = English;
			hasScannedForEncodings = 0;
			knownRegions = (
				en,
				Base,
			);
			mainGroup = 1344499C1D1CE5D100D72B5C;
			productRefGroup = 134449A61D1CE5D100D72B5C /* Products */;
			projectDirPath = "";
			projectRoot = "";
			targets = (
				134449A41D1CE5D100D72B5C /* CustomRefresh */,
				134449B81D1CE5D100D72B5C /* CustomRefreshTests */,
				134449C31D1CE5D100D72B5C /* CustomRefreshUITests */,
			);
		};
/* End PBXProject section */

/* Begin PBXResourcesBuildPhase section */
		134449A31D1CE5D100D72B5C /* Resources */ = {
			isa = PBXResourcesBuildPhase;
			buildActionMask = 2147483647;
			files = (
				134449B31D1CE5D100D72B5C /* LaunchScreen.storyboard in Resources */,
				134449D71D1CE5EA00D72B5C /* RefreshContents.xib in Resources */,
				134449B01D1CE5D100D72B5C /* Assets.xcassets in Resources */,
				134449AE1D1CE5D100D72B5C /* Main.storyboard in Resources */,
			);
			runOnlyForDeploymentPostprocessing = 0;
		};
		134449B71D1CE5D100D72B5C /* Resources */ = {
			isa = PBXResourcesBuildPhase;
			buildActionMask = 2147483647;
			files = (
			);
			runOnlyForDeploymentPostprocessing = 0;
		};
		134449C21D1CE5D100D72B5C /* Resources */ = {
			isa = PBXResourcesBuildPhase;
			buildActionMask = 2147483647;
			files = (
			);
			runOnlyForDeploymentPostprocessing = 0;
		};
/* End PBXResourcesBuildPhase section */

/* Begin PBXSourcesBuildPhase section */
		134449A11D1CE5D100D72B5C /* Sources */ = {
			isa = PBXSourcesBuildPhase;
			buildActionMask = 2147483647;
			files = (
				134449AB1D1CE5D100D72B5C /* ViewController.swift in Sources */,
				134449A91D1CE5D100D72B5C /* AppDelegate.swift in Sources */,
			);
			runOnlyForDeploymentPostprocessing = 0;
		};
		134449B51D1CE5D100D72B5C /* Sources */ = {
			isa = PBXSourcesBuildPhase;
			buildActionMask = 2147483647;
			files = (
				134449BE1D1CE5D100D72B5C /* CustomRefreshTests.swift in Sources */,
			);
			runOnlyForDeploymentPostprocessing = 0;
		};
		134449C01D1CE5D100D72B5C /* Sources */ = {
			isa = PBXSourcesBuildPhase;
			buildActionMask = 2147483647;
			files = (
				134449C91D1CE5D100D72B5C /* CustomRefreshUITests.swift in Sources */,
			);
			runOnlyForDeploymentPostprocessing = 0;
		};
/* End PBXSourcesBuildPhase section */

/* Begin PBXTargetDependency section */
		134449BB1D1CE5D100D72B5C /* PBXTargetDependency */ = {
			isa = PBXTargetDependency;
			target = 134449A41D1CE5D100D72B5C /* CustomRefresh */;
			targetProxy = 134449BA1D1CE5D100D72B5C /* PBXContainerItemProxy */;
		};
		134449C61D1CE5D100D72B5C /* PBXTargetDependency */ = {
			isa = PBXTargetDependency;
			target = 134449A41D1CE5D100D72B5C /* CustomRefresh */;
			targetProxy = 134449C51D1CE5D100D72B5C /* PBXContainerItemProxy */;
		};
/* End PBXTargetDependency section */

/* Begin PBXVariantGroup section */
		134449AC1D1CE5D100D72B5C /* Main.storyboard */ = {
			isa = PBXVariantGroup;
			children = (
				134449AD1D1CE5D100D72B5C /* Base */,
			);
			name = Main.storyboard;
			sourceTree = "<group>";
		};
		134449B11D1CE5D100D72B5C /* LaunchScreen.storyboard */ = {
			isa = PBXVariantGroup;
			children = (
				134449B21D1CE5D100D72B5C /* Base */,
			);
			name = LaunchScreen.storyboard;
			sourceTree = "<group>";
		};
/* End PBXVariantGroup section */

/* Begin XCBuildConfiguration section */
		134449CB1D1CE5D100D72B5C /* Debug */ = {
			isa = XCBuildConfiguration;
			buildSettings = {
				ALWAYS_SEARCH_USER_PATHS = NO;
				CLANG_ANALYZER_NONNULL = YES;
				CLANG_CXX_LANGUAGE_STANDARD = "gnu++0x";
				CLANG_CXX_LIBRARY = "libc++";
				CLANG_ENABLE_MODULES = YES;
				CLANG_ENABLE_OBJC_ARC = YES;
				CLANG_WARN_BOOL_CONVERSION = YES;
				CLANG_WARN_CONSTANT_CONVERSION = YES;
				CLANG_WARN_DIRECT_OBJC_ISA_USAGE = YES_ERROR;
				CLANG_WARN_DOCUMENTATION_COMMENTS = YES;
				CLANG_WARN_EMPTY_BODY = YES;
				CLANG_WARN_ENUM_CONVERSION = YES;
				CLANG_WARN_INT_CONVERSION = YES;
				CLANG_WARN_OBJC_ROOT_CLASS = YES_ERROR;
				CLANG_WARN_UNREACHABLE_CODE = YES;
				CLANG_WARN__DUPLICATE_METHOD_MATCH = YES;
				"CODE_SIGN_IDENTITY[sdk=iphoneos*]" = "iPhone Developer";
				COPY_PHASE_STRIP = NO;
				DEBUG_INFORMATION_FORMAT = dwarf;
				ENABLE_STRICT_OBJC_MSGSEND = YES;
				ENABLE_TESTABILITY = YES;
				GCC_C_LANGUAGE_STANDARD = gnu99;
				GCC_DYNAMIC_NO_PIC = NO;
				GCC_NO_COMMON_BLOCKS = YES;
				GCC_OPTIMIZATION_LEVEL = 0;
				GCC_PREPROCESSOR_DEFINITIONS = (
					"DEBUG=1",
					"$(inherited)",
				);
				GCC_WARN_64_TO_32_BIT_CONVERSION = YES;
				GCC_WARN_ABOUT_RETURN_TYPE = YES_ERROR;
				GCC_WARN_UNDECLARED_SELECTOR = YES;
				GCC_WARN_UNINITIALIZED_AUTOS = YES_AGGRESSIVE;
				GCC_WARN_UNUSED_FUNCTION = YES;
				GCC_WARN_UNUSED_VARIABLE = YES;
				IPHONEOS_DEPLOYMENT_TARGET = 10.0;
				MTL_ENABLE_DEBUG_INFO = YES;
				ONLY_ACTIVE_ARCH = YES;
				SDKROOT = iphoneos;
				SWIFT_ACTIVE_COMPILATION_CONDITIONS = DEBUG;
				SWIFT_OPTIMIZATION_LEVEL = "-Onone";
				TARGETED_DEVICE_FAMILY = "1,2";
			};
			name = Debug;
		};
		134449CC1D1CE5D100D72B5C /* Release */ = {
			isa = XCBuildConfiguration;
			buildSettings = {
				ALWAYS_SEARCH_USER_PATHS = NO;
				CLANG_ANALYZER_NONNULL = YES;
				CLANG_CXX_LANGUAGE_STANDARD = "gnu++0x";
				CLANG_CXX_LIBRARY = "libc++";
				CLANG_ENABLE_MODULES = YES;
				CLANG_ENABLE_OBJC_ARC = YES;
				CLANG_WARN_BOOL_CONVERSION = YES;
				CLANG_WARN_CONSTANT_CONVERSION = YES;
				CLANG_WARN_DIRECT_OBJC_ISA_USAGE = YES_ERROR;
				CLANG_WARN_DOCUMENTATION_COMMENTS = YES;
				CLANG_WARN_EMPTY_BODY = YES;
				CLANG_WARN_ENUM_CONVERSION = YES;
				CLANG_WARN_INT_CONVERSION = YES;
				CLANG_WARN_OBJC_ROOT_CLASS = YES_ERROR;
				CLANG_WARN_UNREACHABLE_CODE = YES;
				CLANG_WARN__DUPLICATE_METHOD_MATCH = YES;
				"CODE_SIGN_IDENTITY[sdk=iphoneos*]" = "iPhone Developer";
				COPY_PHASE_STRIP = NO;
				DEBUG_INFORMATION_FORMAT = "dwarf-with-dsym";
				ENABLE_NS_ASSERTIONS = NO;
				ENABLE_STRICT_OBJC_MSGSEND = YES;
				GCC_C_LANGUAGE_STANDARD = gnu99;
				GCC_NO_COMMON_BLOCKS = YES;
				GCC_WARN_64_TO_32_BIT_CONVERSION = YES;
				GCC_WARN_ABOUT_RETURN_TYPE = YES_ERROR;
				GCC_WARN_UNDECLARED_SELECTOR = YES;
				GCC_WARN_UNINITIALIZED_AUTOS = YES_AGGRESSIVE;
				GCC_WARN_UNUSED_FUNCTION = YES;
				GCC_WARN_UNUSED_VARIABLE = YES;
				IPHONEOS_DEPLOYMENT_TARGET = 10.0;
				MTL_ENABLE_DEBUG_INFO = NO;
				SDKROOT = iphoneos;
				SWIFT_OPTIMIZATION_LEVEL = "-Owholemodule";
				TARGETED_DEVICE_FAMILY = "1,2";
				VALIDATE_PRODUCT = YES;
			};
			name = Release;
		};
		134449CE1D1CE5D100D72B5C /* Debug */ = {
			isa = XCBuildConfiguration;
			buildSettings = {
				ASSETCATALOG_COMPILER_APPICON_NAME = AppIcon;
				INFOPLIST_FILE = CustomRefresh/Info.plist;
				LD_RUNPATH_SEARCH_PATHS = "$(inherited) @executable_path/Frameworks";
				PRODUCT_BUNDLE_IDENTIFIER = com.xuanyiliu.CustomRefresh;
				PRODUCT_NAME = "$(TARGET_NAME)";
				SWIFT_VERSION = 3.0;
			};
			name = Debug;
		};
		134449CF1D1CE5D100D72B5C /* Release */ = {
			isa = XCBuildConfiguration;
			buildSettings = {
				ASSETCATALOG_COMPILER_APPICON_NAME = AppIcon;
				INFOPLIST_FILE = CustomRefresh/Info.plist;
				LD_RUNPATH_SEARCH_PATHS = "$(inherited) @executable_path/Frameworks";
				PRODUCT_BUNDLE_IDENTIFIER = com.xuanyiliu.CustomRefresh;
				PRODUCT_NAME = "$(TARGET_NAME)";
				SWIFT_VERSION = 3.0;
			};
			name = Release;
		};
		134449D11D1CE5D100D72B5C /* Debug */ = {
			isa = XCBuildConfiguration;
			buildSettings = {
				BUNDLE_LOADER = "$(TEST_HOST)";
				INFOPLIST_FILE = CustomRefreshTests/Info.plist;
				LD_RUNPATH_SEARCH_PATHS = "$(inherited) @executable_path/Frameworks @loader_path/Frameworks";
				PRODUCT_BUNDLE_IDENTIFIER = com.xuanyiliu.CustomRefreshTests;
				PRODUCT_NAME = "$(TARGET_NAME)";
				SWIFT_VERSION = 3.0;
				TEST_HOST = "$(BUILT_PRODUCTS_DIR)/CustomRefresh.app/CustomRefresh";
			};
			name = Debug;
		};
		134449D21D1CE5D100D72B5C /* Release */ = {
			isa = XCBuildConfiguration;
			buildSettings = {
				BUNDLE_LOADER = "$(TEST_HOST)";
				INFOPLIST_FILE = CustomRefreshTests/Info.plist;
				LD_RUNPATH_SEARCH_PATHS = "$(inherited) @executable_path/Frameworks @loader_path/Frameworks";
				PRODUCT_BUNDLE_IDENTIFIER = com.xuanyiliu.CustomRefreshTests;
				PRODUCT_NAME = "$(TARGET_NAME)";
				SWIFT_VERSION = 3.0;
				TEST_HOST = "$(BUILT_PRODUCTS_DIR)/CustomRefresh.app/CustomRefresh";
			};
			name = Release;
		};
		134449D41D1CE5D100D72B5C /* Debug */ = {
			isa = XCBuildConfiguration;
			buildSettings = {
				INFOPLIST_FILE = CustomRefreshUITests/Info.plist;
				LD_RUNPATH_SEARCH_PATHS = "$(inherited) @executable_path/Frameworks @loader_path/Frameworks";
				PRODUCT_BUNDLE_IDENTIFIER = com.xuanyiliu.CustomRefreshUITests;
				PRODUCT_NAME = "$(TARGET_NAME)";
				SWIFT_VERSION = 3.0;
				TEST_TARGET_NAME = CustomRefresh;
			};
			name = Debug;
		};
		134449D51D1CE5D100D72B5C /* Release */ = {
			isa = XCBuildConfiguration;
			buildSettings = {
				INFOPLIST_FILE = CustomRefreshUITests/Info.plist;
				LD_RUNPATH_SEARCH_PATHS = "$(inherited) @executable_path/Frameworks @loader_path/Frameworks";
				PRODUCT_BUNDLE_IDENTIFIER = com.xuanyiliu.CustomRefreshUITests;
				PRODUCT_NAME = "$(TARGET_NAME)";
				SWIFT_VERSION = 3.0;
				TEST_TARGET_NAME = CustomRefresh;
			};
			name = Release;
		};
/* End XCBuildConfiguration section */

/* Begin XCConfigurationList section */
		134449A01D1CE5D100D72B5C /* Build configuration list for PBXProject "CustomRefresh" */ = {
			isa = XCConfigurationList;
			buildConfigurations = (
				134449CB1D1CE5D100D72B5C /* Debug */,
				134449CC1D1CE5D100D72B5C /* Release */,
			);
			defaultConfigurationIsVisible = 0;
			defaultConfigurationName = Release;
		};
		134449CD1D1CE5D100D72B5C /* Build configuration list for PBXNativeTarget "CustomRefresh" */ = {
			isa = XCConfigurationList;
			buildConfigurations = (
				134449CE1D1CE5D100D72B5C /* Debug */,
				134449CF1D1CE5D100D72B5C /* Release */,
			);
			defaultConfigurationIsVisible = 0;
		};
		134449D01D1CE5D100D72B5C /* Build configuration list for PBXNativeTarget "CustomRefreshTests" */ = {
			isa = XCConfigurationList;
			buildConfigurations = (
				134449D11D1CE5D100D72B5C /* Debug */,
				134449D21D1CE5D100D72B5C /* Release */,
			);
			defaultConfigurationIsVisible = 0;
		};
		134449D31D1CE5D100D72B5C /* Build configuration list for PBXNativeTarget "CustomRefreshUITests" */ = {
			isa = XCConfigurationList;
			buildConfigurations = (
				134449D41D1CE5D100D72B5C /* Debug */,
				134449D51D1CE5D100D72B5C /* Release */,
			);
			defaultConfigurationIsVisible = 0;
		};
/* End XCConfigurationList section */
	};
	rootObject = 1344499D1D1CE5D100D72B5C /* Project object */;
}
